// !$*UTF8*$!
{
	archiveVersion = 1;
	classes = {
	};
	objectVersion = 46;
	objects = {

/* Begin PBXBuildFile section */
		A9C031AD1DDA717A00430246 /* AppDelegate.swift in Sources */ = {isa = PBXBuildFile; fileRef = A9C031AC1DDA717A00430246 /* AppDelegate.swift */; };
		A9C031AF1DDA717A00430246 /* EhVC.swift in Sources */ = {isa = PBXBuildFile; fileRef = A9C031AE1DDA717A00430246 /* EhVC.swift */; };
		A9C031B11DDA717A00430246 /* BeeVC.swift in Sources */ = {isa = PBXBuildFile; fileRef = A9C031B01DDA717A00430246 /* BeeVC.swift */; };
		A9C031B41DDA717A00430246 /* Main.storyboard in Resources */ = {isa = PBXBuildFile; fileRef = A9C031B21DDA717A00430246 /* Main.storyboard */; };
		A9C031B61DDA717A00430246 /* Assets.xcassets in Resources */ = {isa = PBXBuildFile; fileRef = A9C031B51DDA717A00430246 /* Assets.xcassets */; };
		A9C031B91DDA717A00430246 /* LaunchScreen.storyboard in Resources */ = {isa = PBXBuildFile; fileRef = A9C031B71DDA717A00430246 /* LaunchScreen.storyboard */; };
		A9C031C11DDA74FF00430246 /* SeaVC.swift in Sources */ = {isa = PBXBuildFile; fileRef = A9C031C01DDA74FF00430246 /* SeaVC.swift */; };
/* End PBXBuildFile section */

/* Begin PBXFileReference section */
		A9C031A91DDA717A00430246 /* Git-ICE-NWS.app */ = {isa = PBXFileReference; explicitFileType = wrapper.application; includeInIndex = 0; path = "Git-ICE-NWS.app"; sourceTree = BUILT_PRODUCTS_DIR; };
		A9C031AC1DDA717A00430246 /* AppDelegate.swift */ = {isa = PBXFileReference; lastKnownFileType = sourcecode.swift; path = AppDelegate.swift; sourceTree = "<group>"; };
		A9C031AE1DDA717A00430246 /* EhVC.swift */ = {isa = PBXFileReference; lastKnownFileType = sourcecode.swift; path = EhVC.swift; sourceTree = "<group>"; };
		A9C031B01DDA717A00430246 /* BeeVC.swift */ = {isa = PBXFileReference; lastKnownFileType = sourcecode.swift; path = BeeVC.swift; sourceTree = "<group>"; };
		A9C031B31DDA717A00430246 /* Base */ = {isa = PBXFileReference; lastKnownFileType = file.storyboard; name = Base; path = Base.lproj/Main.storyboard; sourceTree = "<group>"; };
		A9C031B51DDA717A00430246 /* Assets.xcassets */ = {isa = PBXFileReference; lastKnownFileType = folder.assetcatalog; path = Assets.xcassets; sourceTree = "<group>"; };
		A9C031B81DDA717A00430246 /* Base */ = {isa = PBXFileReference; lastKnownFileType = file.storyboard; name = Base; path = Base.lproj/LaunchScreen.storyboard; sourceTree = "<group>"; };
		A9C031BA1DDA717A00430246 /* Info.plist */ = {isa = PBXFileReference; lastKnownFileType = text.plist.xml; path = Info.plist; sourceTree = "<group>"; };
		A9C031C01DDA74FF00430246 /* SeaVC.swift */ = {isa = PBXFileReference; fileEncoding = 4; lastKnownFileType = sourcecode.swift; path = SeaVC.swift; sourceTree = "<group>"; };
/* End PBXFileReference section */

/* Begin PBXFrameworksBuildPhase section */
		A9C031A61DDA717A00430246 /* Frameworks */ = {
			isa = PBXFrameworksBuildPhase;
			buildActionMask = 2147483647;
			files = (
			);
			runOnlyForDeploymentPostprocessing = 0;
		};
/* End PBXFrameworksBuildPhase section */

/* Begin PBXGroup section */
		A9C031A01DDA717A00430246 = {
			isa = PBXGroup;
			children = (
				A9C031AB1DDA717A00430246 /* Git-ICE-NWS */,
				A9C031AA1DDA717A00430246 /* Products */,
			);
			sourceTree = "<group>";
		};
		A9C031AA1DDA717A00430246 /* Products */ = {
			isa = PBXGroup;
			children = (
				A9C031A91DDA717A00430246 /* Git-ICE-NWS.app */,
			);
			name = Products;
			sourceTree = "<group>";
		};
		A9C031AB1DDA717A00430246 /* Git-ICE-NWS */ = {
			isa = PBXGroup;
			children = (
				A9C031AC1DDA717A00430246 /* AppDelegate.swift */,
				A9C031AE1DDA717A00430246 /* EhVC.swift */,
				A9C031B01DDA717A00430246 /* BeeVC.swift */,
				A9C031C01DDA74FF00430246 /* SeaVC.swift */,
				A9C031B21DDA717A00430246 /* Main.storyboard */,
				A9C031B51DDA717A00430246 /* Assets.xcassets */,
				A9C031B71DDA717A00430246 /* LaunchScreen.storyboard */,
				A9C031BA1DDA717A00430246 /* Info.plist */,
			);
			path = "Git-ICE-NWS";
			sourceTree = "<group>";
		};
/* End PBXGroup section */

/* Begin PBXNativeTarget section */
		A9C031A81DDA717A00430246 /* Git-ICE-NWS */ = {
			isa = PBXNativeTarget;
			buildConfigurationList = A9C031BD1DDA717A00430246 /* Build configuration list for PBXNativeTarget "Git-ICE-NWS" */;
			buildPhases = (
				A9C031A51DDA717A00430246 /* Sources */,
				A9C031A61DDA717A00430246 /* Frameworks */,
				A9C031A71DDA717A00430246 /* Resources */,
			);
			buildRules = (
			);
			dependencies = (
			);
			name = "Git-ICE-NWS";
			productName = "Git-ICE-NWS";
			productReference = A9C031A91DDA717A00430246 /* Git-ICE-NWS.app */;
			productType = "com.apple.product-type.application";
		};
/* End PBXNativeTarget section */

/* Begin PBXProject section */
		A9C031A11DDA717A00430246 /* Project object */ = {
			isa = PBXProject;
			attributes = {
				LastSwiftUpdateCheck = 0730;
				LastUpgradeCheck = 0730;
				ORGANIZATIONNAME = "Suddarth,Nathaniel W";
				TargetAttributes = {
					A9C031A81DDA717A00430246 = {
						CreatedOnToolsVersion = 7.3.1;
					};
				};
			};
			buildConfigurationList = A9C031A41DDA717A00430246 /* Build configuration list for PBXProject "Git-ICE-NWS" */;
			compatibilityVersion = "Xcode 3.2";
			developmentRegion = English;
			hasScannedForEncodings = 0;
			knownRegions = (
				en,
				Base,
			);
			mainGroup = A9C031A01DDA717A00430246;
			productRefGroup = A9C031AA1DDA717A00430246 /* Products */;
			projectDirPath = "";
			projectRoot = "";
			targets = (
				A9C031A81DDA717A00430246 /* Git-ICE-NWS */,
			);
		};
/* End PBXProject section */

/* Begin PBXResourcesBuildPhase section */
		A9C031A71DDA717A00430246 /* Resources */ = {
			isa = PBXResourcesBuildPhase;
			buildActionMask = 2147483647;
			files = (
				A9C031B91DDA717A00430246 /* LaunchScreen.storyboard in Resources */,
				A9C031B61DDA717A00430246 /* Assets.xcassets in Resources */,
				A9C031B41DDA717A00430246 /* Main.storyboard in Resources */,
			);
			runOnlyForDeploymentPostprocessing = 0;
		};
/* End PBXResourcesBuildPhase section */

/* Begin PBXSourcesBuildPhase section */
		A9C031A51DDA717A00430246 /* Sources */ = {
			isa = PBXSourcesBuildPhase;
			buildActionMask = 2147483647;
			files = (
				A9C031C11DDA74FF00430246 /* SeaVC.swift in Sources */,
				A9C031B11DDA717A00430246 /* BeeVC.swift in Sources */,
				A9C031AD1DDA717A00430246 /* AppDelegate.swift in Sources */,
				A9C031AF1DDA717A00430246 /* EhVC.swift in Sources */,
			);
			runOnlyForDeploymentPostprocessing = 0;
		};
/* End PBXSourcesBuildPhase section */

/* Begin PBXVariantGroup section */
		A9C031B21DDA717A00430246 /* Main.storyboard */ = {
			isa = PBXVariantGroup;
			children = (
				A9C031B31DDA717A00430246 /* Base */,
			);
			name = Main.storyboard;
			sourceTree = "<group>";
		};
		A9C031B71DDA717A00430246 /* LaunchScreen.storyboard */ = {
			isa = PBXVariantGroup;
			children = (
				A9C031B81DDA717A00430246 /* Base */,
			);
			name = LaunchScreen.storyboard;
			sourceTree = "<group>";
		};
/* End PBXVariantGroup section */

/* Begin XCBuildConfiguration section */
		A9C031BB1DDA717A00430246 /* Debug */ = {
			isa = XCBuildConfiguration;
			buildSettings = {
				ALWAYS_SEARCH_USER_PATHS = NO;
				CLANG_ANALYZER_NONNULL = YES;
				CLANG_CXX_LANGUAGE_STANDARD = "gnu++0x";
				CLANG_CXX_LIBRARY = "libc++";
				CLANG_ENABLE_MODULES = YES;
				CLANG_ENABLE_OBJC_ARC = YES;
				CLANG_WARN_BOOL_CONVERSION = YES;
				CLANG_WARN_CONSTANT_CONVERSION = YES;
				CLANG_WARN_DIRECT_OBJC_ISA_USAGE = YES_ERROR;
				CLANG_WARN_EMPTY_BODY = YES;
				CLANG_WARN_ENUM_CONVERSION = YES;
				CLANG_WARN_INT_CONVERSION = YES;
				CLANG_WARN_OBJC_ROOT_CLASS = YES_ERROR;
				CLANG_WARN_UNREACHABLE_CODE = YES;
				CLANG_WARN__DUPLICATE_METHOD_MATCH = YES;
				"CODE_SIGN_IDENTITY[sdk=iphoneos*]" = "iPhone Developer";
				COPY_PHASE_STRIP = NO;
				DEBUG_INFORMATION_FORMAT = dwarf;
				ENABLE_STRICT_OBJC_MSGSEND = YES;
				ENABLE_TESTABILITY = YES;
				GCC_C_LANGUAGE_STANDARD = gnu99;
				GCC_DYNAMIC_NO_PIC = NO;
				GCC_NO_COMMON_BLOCKS = YES;
				GCC_OPTIMIZATION_LEVEL = 0;
				GCC_PREPROCESSOR_DEFINITIONS = (
					"DEBUG=1",
					"$(inherited)",
				);
				GCC_WARN_64_TO_32_BIT_CONVERSION = YES;
				GCC_WARN_ABOUT_RETURN_TYPE = YES_ERROR;
				GCC_WARN_UNDECLARED_SELECTOR = YES;
				GCC_WARN_UNINITIALIZED_AUTOS = YES_AGGRESSIVE;
				GCC_WARN_UNUSED_FUNCTION = YES;
				GCC_WARN_UNUSED_VARIABLE = YES;
				IPHONEOS_DEPLOYMENT_TARGET = 9.3;
				MTL_ENABLE_DEBUG_INFO = YES;
				ONLY_ACTIVE_ARCH = YES;
				SDKROOT = iphoneos;
				SWIFT_OPTIMIZATION_LEVEL = "-Onone";
			};
			name = Debug;
		};
		A9C031BC1DDA717A00430246 /* Release */ = {
			isa = XCBuildConfiguration;
			buildSettings = {
				ALWAYS_SEARCH_USER_PATHS = NO;
				CLANG_ANALYZER_NONNULL = YES;
				CLANG_CXX_LANGUAGE_STANDARD = "gnu++0x";
				CLANG_CXX_LIBRARY = "libc++";
				CLANG_ENABLE_MODULES = YES;
				CLANG_ENABLE_OBJC_ARC = YES;
				CLANG_WARN_BOOL_CONVERSION = YES;
				CLANG_WARN_CONSTANT_CONVERSION = YES;
				CLANG_WARN_DIRECT_OBJC_ISA_USAGE = YES_ERROR;
				CLANG_WARN_EMPTY_BODY = YES;
				CLANG_WARN_ENUM_CONVERSION = YES;
				CLANG_WARN_INT_CONVERSION = YES;
				CLANG_WARN_OBJC_ROOT_CLASS = YES_ERROR;
				CLANG_WARN_UNREACHABLE_CODE = YES;
				CLANG_WARN__DUPLICATE_METHOD_MATCH = YES;
				"CODE_SIGN_IDENTITY[sdk=iphoneos*]" = "iPhone Developer";
				COPY_PHASE_STRIP = NO;
				DEBUG_INFORMATION_FORMAT = "dwarf-with-dsym";
				ENABLE_NS_ASSERTIONS = NO;
				ENABLE_STRICT_OBJC_MSGSEND = YES;
				GCC_C_LANGUAGE_STANDARD = gnu99;
				GCC_NO_COMMON_BLOCKS = YES;
				GCC_WARN_64_TO_32_BIT_CONVERSION = YES;
				GCC_WARN_ABOUT_RETURN_TYPE = YES_ERROR;
				GCC_WARN_UNDECLARED_SELECTOR = YES;
				GCC_WARN_UNINITIALIZED_AUTOS = YES_AGGRESSIVE;
				GCC_WARN_UNUSED_FUNCTION = YES;
				GCC_WARN_UNUSED_VARIABLE = YES;
				IPHONEOS_DEPLOYMENT_TARGET = 9.3;
				MTL_ENABLE_DEBUG_INFO = NO;
				SDKROOT = iphoneos;
				VALIDATE_PRODUCT = YES;
			};
			name = Release;
		};
		A9C031BE1DDA717A00430246 /* Debug */ = {
			isa = XCBuildConfiguration;
			buildSettings = {
				ASSETCATALOG_COMPILER_APPICON_NAME = AppIcon;
				INFOPLIST_FILE = "Git-ICE-NWS/Info.plist";
				LD_RUNPATH_SEARCH_PATHS = "$(inherited) @executable_path/Frameworks";
				PRODUCT_BUNDLE_IDENTIFIER = "edu.nwmissouri.Git-ICE-NWS";
				PRODUCT_NAME = "$(TARGET_NAME)";
				TARGETED_DEVICE_FAMILY = 1;
			};
			name = Debug;
		};
		A9C031BF1DDA717A00430246 /* Release */ = {
			isa = XCBuildConfiguration;
			buildSettings = {
				ASSETCATALOG_COMPILER_APPICON_NAME = AppIcon;
				INFOPLIST_FILE = "Git-ICE-NWS/Info.plist";
				LD_RUNPATH_SEARCH_PATHS = "$(inherited) @executable_path/Frameworks";
				PRODUCT_BUNDLE_IDENTIFIER = "edu.nwmissouri.Git-ICE-NWS";
				PRODUCT_NAME = "$(TARGET_NAME)";
				TARGETED_DEVICE_FAMILY = 1;
			};
			name = Release;
		};
/* End XCBuildConfiguration section */

/* Begin XCConfigurationList section */
		A9C031A41DDA717A00430246 /* Build configuration list for PBXProject "Git-ICE-NWS" */ = {
			isa = XCConfigurationList;
			buildConfigurations = (
				A9C031BB1DDA717A00430246 /* Debug */,
				A9C031BC1DDA717A00430246 /* Release */,
			);
			defaultConfigurationIsVisible = 0;
			defaultConfigurationName = Release;
		};
		A9C031BD1DDA717A00430246 /* Build configuration list for PBXNativeTarget "Git-ICE-NWS" */ = {
			isa = XCConfigurationList;
			buildConfigurations = (
				A9C031BE1DDA717A00430246 /* Debug */,
				A9C031BF1DDA717A00430246 /* Release */,
			);
			defaultConfigurationIsVisible = 0;
		};
/* End XCConfigurationList section */
	};
	rootObject = A9C031A11DDA717A00430246 /* Project object */;
}
